// !$*UTF8*$!
{
	archiveVersion = 1;
	classes = {
	};
	objectVersion = 46;
	objects = {

/* Begin PBXBuildFile section */
		11A90A6E1F5F6DF1009F524F /* SliderMoodViewController.swift in Sources */ = {isa = PBXBuildFile; fileRef = 11A90A6D1F5F6DF1009F524F /* SliderMoodViewController.swift */; };
		40DB3C1F5F66819AEA1A7A4B /* Pods_myMoodTests.framework in Frameworks */ = {isa = PBXBuildFile; fileRef = 593A9845255E58BFD1AC101A /* Pods_myMoodTests.framework */; };
		5B2209451F5F39CD00243717 /* GoogleService-Info.plist in Resources */ = {isa = PBXBuildFile; fileRef = 5B2209441F5F39CD00243717 /* GoogleService-Info.plist */; };
		5B7AC8891F5F659C008A70DE /* FirebaseDB.swift in Sources */ = {isa = PBXBuildFile; fileRef = 5B7AC8881F5F659C008A70DE /* FirebaseDB.swift */; };
		5BAAC1EF1F607C2B00A8D331 /* Entry.swift in Sources */ = {isa = PBXBuildFile; fileRef = 5BAAC1EE1F607C2B00A8D331 /* Entry.swift */; };
		5BE217F01F6724C40009A050 /* map.xib in Resources */ = {isa = PBXBuildFile; fileRef = 5BE217EF1F6724C40009A050 /* map.xib */; };
		5BE217F91F6728F60009A050 /* MapKit.framework in Frameworks */ = {isa = PBXBuildFile; fileRef = 5BE217F81F6728F60009A050 /* MapKit.framework */; };
		6A5EB1531F5F626F00D1375A /* Photo.swift in Sources */ = {isa = PBXBuildFile; fileRef = 6A5EB1521F5F626F00D1375A /* Photo.swift */; };
		6A79124A1F609C3300BFC4FE /* GraphView.swift in Sources */ = {isa = PBXBuildFile; fileRef = 6A7912491F609C3300BFC4FE /* GraphView.swift */; };
		723BC5201F5F26000022ADF8 /* AppDelegate.swift in Sources */ = {isa = PBXBuildFile; fileRef = 723BC51F1F5F26000022ADF8 /* AppDelegate.swift */; };
		723BC5221F5F26000022ADF8 /* LoginViewController.swift in Sources */ = {isa = PBXBuildFile; fileRef = 723BC5211F5F26000022ADF8 /* LoginViewController.swift */; };
		723BC5251F5F26000022ADF8 /* Main.storyboard in Resources */ = {isa = PBXBuildFile; fileRef = 723BC5231F5F26000022ADF8 /* Main.storyboard */; };
		723BC5281F5F26000022ADF8 /* myMood.xcdatamodeld in Sources */ = {isa = PBXBuildFile; fileRef = 723BC5261F5F26000022ADF8 /* myMood.xcdatamodeld */; };
		723BC52A1F5F26000022ADF8 /* Assets.xcassets in Resources */ = {isa = PBXBuildFile; fileRef = 723BC5291F5F26000022ADF8 /* Assets.xcassets */; };
		723BC52D1F5F26000022ADF8 /* LaunchScreen.storyboard in Resources */ = {isa = PBXBuildFile; fileRef = 723BC52B1F5F26000022ADF8 /* LaunchScreen.storyboard */; };
		723BC5381F5F26000022ADF8 /* myMoodTests.swift in Sources */ = {isa = PBXBuildFile; fileRef = 723BC5371F5F26000022ADF8 /* myMoodTests.swift */; };
		725C2DD61F6731C600FC279E /* JournalFormViewController.swift in Sources */ = {isa = PBXBuildFile; fileRef = 725C2DD51F6731C600FC279E /* JournalFormViewController.swift */; };
		725C2DD91F673ACC00FC279E /* DetailViewController.swift in Sources */ = {isa = PBXBuildFile; fileRef = 725C2DD81F673ACC00FC279E /* DetailViewController.swift */; };
		725C2DDC1F673B6700FC279E /* TextEntry.swift in Sources */ = {isa = PBXBuildFile; fileRef = 725C2DDB1F673B6700FC279E /* TextEntry.swift */; };
		725C2DDE1F673B9D00FC279E /* textEntry.xib in Resources */ = {isa = PBXBuildFile; fileRef = 725C2DDD1F673B9D00FC279E /* textEntry.xib */; };
		725C2DE01F675F5800FC279E /* HistoryViewController.swift in Sources */ = {isa = PBXBuildFile; fileRef = 725C2DDF1F675F5700FC279E /* HistoryViewController.swift */; };
		725C2DE21F6764F000FC279E /* HistoryListViewController.swift in Sources */ = {isa = PBXBuildFile; fileRef = 725C2DE11F6764F000FC279E /* HistoryListViewController.swift */; };
		728CF3321F6094B50080405B /* wordCloudLayout.xib in Resources */ = {isa = PBXBuildFile; fileRef = 728CF3311F6094B50080405B /* wordCloudLayout.xib */; };
		728CF3341F60986F0080405B /* testViewController.swift in Sources */ = {isa = PBXBuildFile; fileRef = 728CF3331F60986F0080405B /* testViewController.swift */; };
		72FD94191F61D0F400391818 /* wordCloudLayoutGenerator.swift in Sources */ = {isa = PBXBuildFile; fileRef = 728CF32F1F60941F0080405B /* wordCloudLayoutGenerator.swift */; };
		AD6E0D3EFC8C1A2D118383BA /* Pods_myMood.framework in Frameworks */ = {isa = PBXBuildFile; fileRef = BBB96DE7F5F63C268553E4F0 /* Pods_myMood.framework */; };
/* End PBXBuildFile section */

/* Begin PBXContainerItemProxy section */
		723BC5341F5F26000022ADF8 /* PBXContainerItemProxy */ = {
			isa = PBXContainerItemProxy;
			containerPortal = 723BC5141F5F26000022ADF8 /* Project object */;
			proxyType = 1;
			remoteGlobalIDString = 723BC51B1F5F26000022ADF8;
			remoteInfo = myMood;
		};
/* End PBXContainerItemProxy section */

/* Begin PBXFileReference section */
		11A90A6D1F5F6DF1009F524F /* SliderMoodViewController.swift */ = {isa = PBXFileReference; fileEncoding = 4; lastKnownFileType = sourcecode.swift; path = SliderMoodViewController.swift; sourceTree = "<group>"; };
		593A9845255E58BFD1AC101A /* Pods_myMoodTests.framework */ = {isa = PBXFileReference; explicitFileType = wrapper.framework; includeInIndex = 0; path = Pods_myMoodTests.framework; sourceTree = BUILT_PRODUCTS_DIR; };
		5B2209441F5F39CD00243717 /* GoogleService-Info.plist */ = {isa = PBXFileReference; fileEncoding = 4; lastKnownFileType = text.plist.xml; path = "GoogleService-Info.plist"; sourceTree = "<group>"; };
		5B7AC8881F5F659C008A70DE /* FirebaseDB.swift */ = {isa = PBXFileReference; fileEncoding = 4; lastKnownFileType = sourcecode.swift; path = FirebaseDB.swift; sourceTree = "<group>"; };
		5BAAC1EE1F607C2B00A8D331 /* Entry.swift */ = {isa = PBXFileReference; fileEncoding = 4; lastKnownFileType = sourcecode.swift; path = Entry.swift; sourceTree = "<group>"; };
		5BE217EF1F6724C40009A050 /* map.xib */ = {isa = PBXFileReference; fileEncoding = 4; lastKnownFileType = file.xib; path = map.xib; sourceTree = "<group>"; };
		5BE217F41F6727720009A050 /* MapController.swift */ = {isa = PBXFileReference; fileEncoding = 4; lastKnownFileType = sourcecode.swift; path = MapController.swift; sourceTree = "<group>"; };
		5BE217F81F6728F60009A050 /* MapKit.framework */ = {isa = PBXFileReference; lastKnownFileType = wrapper.framework; name = MapKit.framework; path = System/Library/Frameworks/MapKit.framework; sourceTree = SDKROOT; };
		6A5EB1521F5F626F00D1375A /* Photo.swift */ = {isa = PBXFileReference; fileEncoding = 4; lastKnownFileType = sourcecode.swift; path = Photo.swift; sourceTree = "<group>"; };
		6A7912491F609C3300BFC4FE /* GraphView.swift */ = {isa = PBXFileReference; fileEncoding = 4; lastKnownFileType = sourcecode.swift; path = GraphView.swift; sourceTree = "<group>"; };
		723BC51C1F5F26000022ADF8 /* myMood.app */ = {isa = PBXFileReference; explicitFileType = wrapper.application; includeInIndex = 0; path = myMood.app; sourceTree = BUILT_PRODUCTS_DIR; };
		723BC51F1F5F26000022ADF8 /* AppDelegate.swift */ = {isa = PBXFileReference; lastKnownFileType = sourcecode.swift; path = AppDelegate.swift; sourceTree = "<group>"; };
		723BC5211F5F26000022ADF8 /* LoginViewController.swift */ = {isa = PBXFileReference; lastKnownFileType = sourcecode.swift; path = LoginViewController.swift; sourceTree = "<group>"; };
		723BC5241F5F26000022ADF8 /* Base */ = {isa = PBXFileReference; lastKnownFileType = file.storyboard; name = Base; path = Base.lproj/Main.storyboard; sourceTree = "<group>"; };
		723BC5271F5F26000022ADF8 /* myMood.xcdatamodel */ = {isa = PBXFileReference; lastKnownFileType = wrapper.xcdatamodel; path = myMood.xcdatamodel; sourceTree = "<group>"; };
		723BC5291F5F26000022ADF8 /* Assets.xcassets */ = {isa = PBXFileReference; lastKnownFileType = folder.assetcatalog; path = Assets.xcassets; sourceTree = "<group>"; };
		723BC52C1F5F26000022ADF8 /* Base */ = {isa = PBXFileReference; lastKnownFileType = file.storyboard; name = Base; path = Base.lproj/LaunchScreen.storyboard; sourceTree = "<group>"; };
		723BC52E1F5F26000022ADF8 /* Info.plist */ = {isa = PBXFileReference; lastKnownFileType = text.plist.xml; path = Info.plist; sourceTree = "<group>"; };
		723BC5331F5F26000022ADF8 /* myMoodTests.xctest */ = {isa = PBXFileReference; explicitFileType = wrapper.cfbundle; includeInIndex = 0; path = myMoodTests.xctest; sourceTree = BUILT_PRODUCTS_DIR; };
		723BC5371F5F26000022ADF8 /* myMoodTests.swift */ = {isa = PBXFileReference; lastKnownFileType = sourcecode.swift; path = myMoodTests.swift; sourceTree = "<group>"; };
		723BC5391F5F26010022ADF8 /* Info.plist */ = {isa = PBXFileReference; lastKnownFileType = text.plist.xml; path = Info.plist; sourceTree = "<group>"; };
		725C2DD51F6731C600FC279E /* JournalFormViewController.swift */ = {isa = PBXFileReference; fileEncoding = 4; lastKnownFileType = sourcecode.swift; name = JournalFormViewController.swift; path = myMood/JournalFormViewController.swift; sourceTree = "<group>"; };
		725C2DD81F673ACC00FC279E /* DetailViewController.swift */ = {isa = PBXFileReference; fileEncoding = 4; lastKnownFileType = sourcecode.swift; path = DetailViewController.swift; sourceTree = "<group>"; };
		725C2DDB1F673B6700FC279E /* TextEntry.swift */ = {isa = PBXFileReference; fileEncoding = 4; lastKnownFileType = sourcecode.swift; name = TextEntry.swift; path = myMood/TextEntry.swift; sourceTree = "<group>"; };
		725C2DDD1F673B9D00FC279E /* textEntry.xib */ = {isa = PBXFileReference; fileEncoding = 4; lastKnownFileType = file.xib; path = textEntry.xib; sourceTree = "<group>"; };
		725C2DDF1F675F5700FC279E /* HistoryViewController.swift */ = {isa = PBXFileReference; fileEncoding = 4; lastKnownFileType = sourcecode.swift; path = HistoryViewController.swift; sourceTree = "<group>"; };
		725C2DE11F6764F000FC279E /* HistoryListViewController.swift */ = {isa = PBXFileReference; fileEncoding = 4; lastKnownFileType = sourcecode.swift; path = HistoryListViewController.swift; sourceTree = "<group>"; };
		728CF32F1F60941F0080405B /* wordCloudLayoutGenerator.swift */ = {isa = PBXFileReference; fileEncoding = 4; lastKnownFileType = sourcecode.swift; path = wordCloudLayoutGenerator.swift; sourceTree = "<group>"; };
		728CF3311F6094B50080405B /* wordCloudLayout.xib */ = {isa = PBXFileReference; fileEncoding = 4; lastKnownFileType = file.xib; path = wordCloudLayout.xib; sourceTree = "<group>"; };
		728CF3331F60986F0080405B /* testViewController.swift */ = {isa = PBXFileReference; fileEncoding = 4; lastKnownFileType = sourcecode.swift; path = testViewController.swift; sourceTree = "<group>"; };
		951F526F3CA0E922EAB37A4F /* Pods-myMoodTests.release.xcconfig */ = {isa = PBXFileReference; includeInIndex = 1; lastKnownFileType = text.xcconfig; name = "Pods-myMoodTests.release.xcconfig"; path = "Pods/Target Support Files/Pods-myMoodTests/Pods-myMoodTests.release.xcconfig"; sourceTree = "<group>"; };
		BBB96DE7F5F63C268553E4F0 /* Pods_myMood.framework */ = {isa = PBXFileReference; explicitFileType = wrapper.framework; includeInIndex = 0; path = Pods_myMood.framework; sourceTree = BUILT_PRODUCTS_DIR; };
		DB14DF0CFB57582D8BB3B52A /* Pods-myMood.debug.xcconfig */ = {isa = PBXFileReference; includeInIndex = 1; lastKnownFileType = text.xcconfig; name = "Pods-myMood.debug.xcconfig"; path = "Pods/Target Support Files/Pods-myMood/Pods-myMood.debug.xcconfig"; sourceTree = "<group>"; };
		F6A9B725F402016C068CEFD5 /* Pods-myMood.release.xcconfig */ = {isa = PBXFileReference; includeInIndex = 1; lastKnownFileType = text.xcconfig; name = "Pods-myMood.release.xcconfig"; path = "Pods/Target Support Files/Pods-myMood/Pods-myMood.release.xcconfig"; sourceTree = "<group>"; };
		FDF6C1DDD2A22E953B5ABFF5 /* Pods-myMoodTests.debug.xcconfig */ = {isa = PBXFileReference; includeInIndex = 1; lastKnownFileType = text.xcconfig; name = "Pods-myMoodTests.debug.xcconfig"; path = "Pods/Target Support Files/Pods-myMoodTests/Pods-myMoodTests.debug.xcconfig"; sourceTree = "<group>"; };
/* End PBXFileReference section */

/* Begin PBXFrameworksBuildPhase section */
		723BC5191F5F26000022ADF8 /* Frameworks */ = {
			isa = PBXFrameworksBuildPhase;
			buildActionMask = 2147483647;
			files = (
				5BE217F91F6728F60009A050 /* MapKit.framework in Frameworks */,
				AD6E0D3EFC8C1A2D118383BA /* Pods_myMood.framework in Frameworks */,
			);
			runOnlyForDeploymentPostprocessing = 0;
		};
		723BC5301F5F26000022ADF8 /* Frameworks */ = {
			isa = PBXFrameworksBuildPhase;
			buildActionMask = 2147483647;
			files = (
				40DB3C1F5F66819AEA1A7A4B /* Pods_myMoodTests.framework in Frameworks */,
			);
			runOnlyForDeploymentPostprocessing = 0;
		};
/* End PBXFrameworksBuildPhase section */

/* Begin PBXGroup section */
		5BD7FC421F63403B00314DA1 /* Model */ = {
			isa = PBXGroup;
			children = (
				5B7AC8881F5F659C008A70DE /* FirebaseDB.swift */,
				5BAAC1EE1F607C2B00A8D331 /* Entry.swift */,
				6A5EB1521F5F626F00D1375A /* Photo.swift */,
			);
			name = Model;
			sourceTree = "<group>";
		};
		5BE217F11F6724E50009A050 /* Map */ = {
			isa = PBXGroup;
			children = (
				5BE217EF1F6724C40009A050 /* map.xib */,
				5BE217F41F6727720009A050 /* MapController.swift */,
			);
			name = Map;
			sourceTree = "<group>";
		};
		6A4006841F6246B00086BE7E /* Graph */ = {
			isa = PBXGroup;
			children = (
				6A7912491F609C3300BFC4FE /* GraphView.swift */,
			);
			name = Graph;
			sourceTree = "<group>";
		};
		723BC5131F5F26000022ADF8 = {
			isa = PBXGroup;
			children = (
				723BC51E1F5F26000022ADF8 /* myMood */,
				723BC5361F5F26000022ADF8 /* myMoodTests */,
				723BC51D1F5F26000022ADF8 /* Products */,
				75775642C80B313FD960444E /* Pods */,
				86E2163A42E5653EFA5D20E5 /* Frameworks */,
			);
			sourceTree = "<group>";
		};
		723BC51D1F5F26000022ADF8 /* Products */ = {
			isa = PBXGroup;
			children = (
				723BC51C1F5F26000022ADF8 /* myMood.app */,
				723BC5331F5F26000022ADF8 /* myMoodTests.xctest */,
			);
			name = Products;
			sourceTree = "<group>";
		};
		723BC51E1F5F26000022ADF8 /* myMood */ = {
			isa = PBXGroup;
			children = (
				5BE217F11F6724E50009A050 /* Map */,
				5BD7FC421F63403B00314DA1 /* Model */,
				723BC51F1F5F26000022ADF8 /* AppDelegate.swift */,
				728CF32C1F60923D0080405B /* WordCLoudGenerator */,
				723BC5211F5F26000022ADF8 /* LoginViewController.swift */,
				725C2DD81F673ACC00FC279E /* DetailViewController.swift */,
				11A90A6D1F5F6DF1009F524F /* SliderMoodViewController.swift */,
				723BC5231F5F26000022ADF8 /* Main.storyboard */,
				725C2DDF1F675F5700FC279E /* HistoryViewController.swift */,
				725C2DE11F6764F000FC279E /* HistoryListViewController.swift */,
				725C2DDA1F673B3900FC279E /* JournalFormViews */,
				6A4006841F6246B00086BE7E /* Graph */,
				723BC5291F5F26000022ADF8 /* Assets.xcassets */,
				723BC52B1F5F26000022ADF8 /* LaunchScreen.storyboard */,
				723BC52E1F5F26000022ADF8 /* Info.plist */,
				5B2209441F5F39CD00243717 /* GoogleService-Info.plist */,
				723BC5261F5F26000022ADF8 /* myMood.xcdatamodeld */,
			);
			path = myMood;
			sourceTree = "<group>";
		};
		723BC5361F5F26000022ADF8 /* myMoodTests */ = {
			isa = PBXGroup;
			children = (
				723BC5371F5F26000022ADF8 /* myMoodTests.swift */,
				723BC5391F5F26010022ADF8 /* Info.plist */,
			);
			path = myMoodTests;
			sourceTree = "<group>";
		};
		725C2DDA1F673B3900FC279E /* JournalFormViews */ = {
			isa = PBXGroup;
			children = (
				725C2DDB1F673B6700FC279E /* TextEntry.swift */,
				725C2DDD1F673B9D00FC279E /* textEntry.xib */,
				725C2DD51F6731C600FC279E /* JournalFormViewController.swift */,
			);
			name = JournalFormViews;
			path = ..;
			sourceTree = "<group>";
		};
		728CF32C1F60923D0080405B /* WordCLoudGenerator */ = {
			isa = PBXGroup;
			children = (
				728CF3331F60986F0080405B /* testViewController.swift */,
				728CF32F1F60941F0080405B /* wordCloudLayoutGenerator.swift */,
				728CF3311F6094B50080405B /* wordCloudLayout.xib */,
			);
			name = WordCLoudGenerator;
			sourceTree = "<group>";
		};
		75775642C80B313FD960444E /* Pods */ = {
			isa = PBXGroup;
			children = (
				DB14DF0CFB57582D8BB3B52A /* Pods-myMood.debug.xcconfig */,
				F6A9B725F402016C068CEFD5 /* Pods-myMood.release.xcconfig */,
				FDF6C1DDD2A22E953B5ABFF5 /* Pods-myMoodTests.debug.xcconfig */,
				951F526F3CA0E922EAB37A4F /* Pods-myMoodTests.release.xcconfig */,
			);
			name = Pods;
			sourceTree = "<group>";
		};
		86E2163A42E5653EFA5D20E5 /* Frameworks */ = {
			isa = PBXGroup;
			children = (
				5BE217F81F6728F60009A050 /* MapKit.framework */,
				BBB96DE7F5F63C268553E4F0 /* Pods_myMood.framework */,
				593A9845255E58BFD1AC101A /* Pods_myMoodTests.framework */,
			);
			name = Frameworks;
			sourceTree = "<group>";
		};
/* End PBXGroup section */

/* Begin PBXNativeTarget section */
		723BC51B1F5F26000022ADF8 /* myMood */ = {
			isa = PBXNativeTarget;
			buildConfigurationList = 723BC53C1F5F26010022ADF8 /* Build configuration list for PBXNativeTarget "myMood" */;
			buildPhases = (
				89C5F7A37B165948A2A84572 /* [CP] Check Pods Manifest.lock */,
				723BC5181F5F26000022ADF8 /* Sources */,
				723BC5191F5F26000022ADF8 /* Frameworks */,
				723BC51A1F5F26000022ADF8 /* Resources */,
				DD824AD3A0A04C7D5B10527F /* [CP] Embed Pods Frameworks */,
				D030418D171FCCDE0212E3BC /* [CP] Copy Pods Resources */,
			);
			buildRules = (
			);
			dependencies = (
			);
			name = myMood;
			productName = myMood;
			productReference = 723BC51C1F5F26000022ADF8 /* myMood.app */;
			productType = "com.apple.product-type.application";
		};
		723BC5321F5F26000022ADF8 /* myMoodTests */ = {
			isa = PBXNativeTarget;
			buildConfigurationList = 723BC53F1F5F26010022ADF8 /* Build configuration list for PBXNativeTarget "myMoodTests" */;
			buildPhases = (
				57026DE322E8010093AC23AF /* [CP] Check Pods Manifest.lock */,
				723BC52F1F5F26000022ADF8 /* Sources */,
				723BC5301F5F26000022ADF8 /* Frameworks */,
				723BC5311F5F26000022ADF8 /* Resources */,
				4A5FC1AE23AF95C31591E4A9 /* [CP] Embed Pods Frameworks */,
				591BEFFC4CCD6BCBB9ACE6D9 /* [CP] Copy Pods Resources */,
			);
			buildRules = (
			);
			dependencies = (
				723BC5351F5F26000022ADF8 /* PBXTargetDependency */,
			);
			name = myMoodTests;
			productName = myMoodTests;
			productReference = 723BC5331F5F26000022ADF8 /* myMoodTests.xctest */;
			productType = "com.apple.product-type.bundle.unit-test";
		};
/* End PBXNativeTarget section */

/* Begin PBXProject section */
		723BC5141F5F26000022ADF8 /* Project object */ = {
			isa = PBXProject;
			attributes = {
				LastSwiftUpdateCheck = 0830;
				LastUpgradeCheck = 0830;
				ORGANIZATIONNAME = Hirad;
				TargetAttributes = {
					723BC51B1F5F26000022ADF8 = {
						CreatedOnToolsVersion = 8.3.2;
						ProvisioningStyle = Automatic;
						SystemCapabilities = {
							com.apple.BackgroundModes = {
								enabled = 1;
							};
							com.apple.Maps.iOS = {
								enabled = 1;
							};
						};
					};
					723BC5321F5F26000022ADF8 = {
						CreatedOnToolsVersion = 8.3.2;
						DevelopmentTeam = 4RY874B8U2;
						ProvisioningStyle = Automatic;
						TestTargetID = 723BC51B1F5F26000022ADF8;
					};
				};
			};
			buildConfigurationList = 723BC5171F5F26000022ADF8 /* Build configuration list for PBXProject "myMood" */;
			compatibilityVersion = "Xcode 3.2";
			developmentRegion = English;
			hasScannedForEncodings = 0;
			knownRegions = (
				en,
				Base,
			);
			mainGroup = 723BC5131F5F26000022ADF8;
			productRefGroup = 723BC51D1F5F26000022ADF8 /* Products */;
			projectDirPath = "";
			projectRoot = "";
			targets = (
				723BC51B1F5F26000022ADF8 /* myMood */,
				723BC5321F5F26000022ADF8 /* myMoodTests */,
			);
		};
/* End PBXProject section */

/* Begin PBXResourcesBuildPhase section */
		723BC51A1F5F26000022ADF8 /* Resources */ = {
			isa = PBXResourcesBuildPhase;
			buildActionMask = 2147483647;
			files = (
				5BE217F01F6724C40009A050 /* map.xib in Resources */,
				723BC52D1F5F26000022ADF8 /* LaunchScreen.storyboard in Resources */,
				728CF3321F6094B50080405B /* wordCloudLayout.xib in Resources */,
				5B2209451F5F39CD00243717 /* GoogleService-Info.plist in Resources */,
				725C2DDE1F673B9D00FC279E /* textEntry.xib in Resources */,
				723BC52A1F5F26000022ADF8 /* Assets.xcassets in Resources */,
				723BC5251F5F26000022ADF8 /* Main.storyboard in Resources */,
			);
			runOnlyForDeploymentPostprocessing = 0;
		};
		723BC5311F5F26000022ADF8 /* Resources */ = {
			isa = PBXResourcesBuildPhase;
			buildActionMask = 2147483647;
			files = (
			);
			runOnlyForDeploymentPostprocessing = 0;
		};
/* End PBXResourcesBuildPhase section */

/* Begin PBXShellScriptBuildPhase section */
		4A5FC1AE23AF95C31591E4A9 /* [CP] Embed Pods Frameworks */ = {
			isa = PBXShellScriptBuildPhase;
			buildActionMask = 2147483647;
			files = (
			);
			inputPaths = (
			);
			name = "[CP] Embed Pods Frameworks";
			outputPaths = (
			);
			runOnlyForDeploymentPostprocessing = 0;
			shellPath = /bin/sh;
			shellScript = "\"${SRCROOT}/Pods/Target Support Files/Pods-myMoodTests/Pods-myMoodTests-frameworks.sh\"\n";
			showEnvVarsInLog = 0;
		};
		57026DE322E8010093AC23AF /* [CP] Check Pods Manifest.lock */ = {
			isa = PBXShellScriptBuildPhase;
			buildActionMask = 2147483647;
			files = (
			);
			inputPaths = (
				"${PODS_PODFILE_DIR_PATH}/Podfile.lock",
				"${PODS_ROOT}/Manifest.lock",
			);
			name = "[CP] Check Pods Manifest.lock";
			outputPaths = (
				"$(DERIVED_FILE_DIR)/Pods-myMoodTests-checkManifestLockResult.txt",
			);
			runOnlyForDeploymentPostprocessing = 0;
			shellPath = /bin/sh;
			shellScript = "diff \"${PODS_PODFILE_DIR_PATH}/Podfile.lock\" \"${PODS_ROOT}/Manifest.lock\" > /dev/null\nif [ $? != 0 ] ; then\n    # print error to STDERR\n    echo \"error: The sandbox is not in sync with the Podfile.lock. Run 'pod install' or update your CocoaPods installation.\" >&2\n    exit 1\nfi\n# This output is used by Xcode 'outputs' to avoid re-running this script phase.\necho \"SUCCESS\" > \"${SCRIPT_OUTPUT_FILE_0}\"\n";
			showEnvVarsInLog = 0;
		};
		591BEFFC4CCD6BCBB9ACE6D9 /* [CP] Copy Pods Resources */ = {
			isa = PBXShellScriptBuildPhase;
			buildActionMask = 2147483647;
			files = (
			);
			inputPaths = (
			);
			name = "[CP] Copy Pods Resources";
			outputPaths = (
			);
			runOnlyForDeploymentPostprocessing = 0;
			shellPath = /bin/sh;
			shellScript = "\"${SRCROOT}/Pods/Target Support Files/Pods-myMoodTests/Pods-myMoodTests-resources.sh\"\n";
			showEnvVarsInLog = 0;
		};
		89C5F7A37B165948A2A84572 /* [CP] Check Pods Manifest.lock */ = {
			isa = PBXShellScriptBuildPhase;
			buildActionMask = 2147483647;
			files = (
			);
			inputPaths = (
				"${PODS_PODFILE_DIR_PATH}/Podfile.lock",
				"${PODS_ROOT}/Manifest.lock",
			);
			name = "[CP] Check Pods Manifest.lock";
			outputPaths = (
				"$(DERIVED_FILE_DIR)/Pods-myMood-checkManifestLockResult.txt",
			);
			runOnlyForDeploymentPostprocessing = 0;
			shellPath = /bin/sh;
			shellScript = "diff \"${PODS_PODFILE_DIR_PATH}/Podfile.lock\" \"${PODS_ROOT}/Manifest.lock\" > /dev/null\nif [ $? != 0 ] ; then\n    # print error to STDERR\n    echo \"error: The sandbox is not in sync with the Podfile.lock. Run 'pod install' or update your CocoaPods installation.\" >&2\n    exit 1\nfi\n# This output is used by Xcode 'outputs' to avoid re-running this script phase.\necho \"SUCCESS\" > \"${SCRIPT_OUTPUT_FILE_0}\"\n";
			showEnvVarsInLog = 0;
		};
		D030418D171FCCDE0212E3BC /* [CP] Copy Pods Resources */ = {
			isa = PBXShellScriptBuildPhase;
			buildActionMask = 2147483647;
			files = (
			);
			inputPaths = (
			);
			name = "[CP] Copy Pods Resources";
			outputPaths = (
			);
			runOnlyForDeploymentPostprocessing = 0;
			shellPath = /bin/sh;
			shellScript = "\"${SRCROOT}/Pods/Target Support Files/Pods-myMood/Pods-myMood-resources.sh\"\n";
			showEnvVarsInLog = 0;
		};
		DD824AD3A0A04C7D5B10527F /* [CP] Embed Pods Frameworks */ = {
			isa = PBXShellScriptBuildPhase;
			buildActionMask = 2147483647;
			files = (
			);
			inputPaths = (
				"${SRCROOT}/Pods/Target Support Files/Pods-myMood/Pods-myMood-frameworks.sh",
				"${BUILT_PRODUCTS_DIR}/GTMSessionFetcher/GTMSessionFetcher.framework",
				"${BUILT_PRODUCTS_DIR}/GoogleToolboxForMac/GoogleToolboxForMac.framework",
				"${BUILT_PRODUCTS_DIR}/Protobuf/Protobuf.framework",
				"${BUILT_PRODUCTS_DIR}/leveldb-library/leveldb.framework",
				"${BUILT_PRODUCTS_DIR}/nanopb/nanopb.framework",
			);
			name = "[CP] Embed Pods Frameworks";
			outputPaths = (
				"${TARGET_BUILD_DIR}/${FRAMEWORKS_FOLDER_PATH}/GTMSessionFetcher.framework",
				"${TARGET_BUILD_DIR}/${FRAMEWORKS_FOLDER_PATH}/GoogleToolboxForMac.framework",
				"${TARGET_BUILD_DIR}/${FRAMEWORKS_FOLDER_PATH}/Protobuf.framework",
				"${TARGET_BUILD_DIR}/${FRAMEWORKS_FOLDER_PATH}/leveldb.framework",
				"${TARGET_BUILD_DIR}/${FRAMEWORKS_FOLDER_PATH}/nanopb.framework",
			);
			runOnlyForDeploymentPostprocessing = 0;
			shellPath = /bin/sh;
			shellScript = "\"${SRCROOT}/Pods/Target Support Files/Pods-myMood/Pods-myMood-frameworks.sh\"\n";
			showEnvVarsInLog = 0;
		};
/* End PBXShellScriptBuildPhase section */

/* Begin PBXSourcesBuildPhase section */
		723BC5181F5F26000022ADF8 /* Sources */ = {
			isa = PBXSourcesBuildPhase;
			buildActionMask = 2147483647;
			files = (
				725C2DD61F6731C600FC279E /* JournalFormViewController.swift in Sources */,
				5BAAC1EF1F607C2B00A8D331 /* Entry.swift in Sources */,
				725C2DE01F675F5800FC279E /* HistoryViewController.swift in Sources */,
				6A5EB1531F5F626F00D1375A /* Photo.swift in Sources */,
				725C2DD91F673ACC00FC279E /* DetailViewController.swift in Sources */,
				728CF3341F60986F0080405B /* testViewController.swift in Sources */,
				723BC5221F5F26000022ADF8 /* LoginViewController.swift in Sources */,
				6A79124A1F609C3300BFC4FE /* GraphView.swift in Sources */,
				11A90A6E1F5F6DF1009F524F /* SliderMoodViewController.swift in Sources */,
				723BC5201F5F26000022ADF8 /* AppDelegate.swift in Sources */,
				5B7AC8891F5F659C008A70DE /* FirebaseDB.swift in Sources */,
				725C2DE21F6764F000FC279E /* HistoryListViewController.swift in Sources */,
				723BC5281F5F26000022ADF8 /* myMood.xcdatamodeld in Sources */,
				72FD94191F61D0F400391818 /* wordCloudLayoutGenerator.swift in Sources */,
				725C2DDC1F673B6700FC279E /* TextEntry.swift in Sources */,
			);
			runOnlyForDeploymentPostprocessing = 0;
		};
		723BC52F1F5F26000022ADF8 /* Sources */ = {
			isa = PBXSourcesBuildPhase;
			buildActionMask = 2147483647;
			files = (
				723BC5381F5F26000022ADF8 /* myMoodTests.swift in Sources */,
			);
			runOnlyForDeploymentPostprocessing = 0;
		};
/* End PBXSourcesBuildPhase section */

/* Begin PBXTargetDependency section */
		723BC5351F5F26000022ADF8 /* PBXTargetDependency */ = {
			isa = PBXTargetDependency;
			target = 723BC51B1F5F26000022ADF8 /* myMood */;
			targetProxy = 723BC5341F5F26000022ADF8 /* PBXContainerItemProxy */;
		};
/* End PBXTargetDependency section */

/* Begin PBXVariantGroup section */
		723BC5231F5F26000022ADF8 /* Main.storyboard */ = {
			isa = PBXVariantGroup;
			children = (
				723BC5241F5F26000022ADF8 /* Base */,
			);
			name = Main.storyboard;
			sourceTree = "<group>";
		};
		723BC52B1F5F26000022ADF8 /* LaunchScreen.storyboard */ = {
			isa = PBXVariantGroup;
			children = (
				723BC52C1F5F26000022ADF8 /* Base */,
			);
			name = LaunchScreen.storyboard;
			sourceTree = "<group>";
		};
/* End PBXVariantGroup section */

/* Begin XCBuildConfiguration section */
		723BC53A1F5F26010022ADF8 /* Debug */ = {
			isa = XCBuildConfiguration;
			buildSettings = {
				ALWAYS_SEARCH_USER_PATHS = NO;
				CLANG_ANALYZER_NONNULL = YES;
				CLANG_ANALYZER_NUMBER_OBJECT_CONVERSION = YES_AGGRESSIVE;
				CLANG_CXX_LANGUAGE_STANDARD = "gnu++0x";
				CLANG_CXX_LIBRARY = "libc++";
				CLANG_ENABLE_MODULES = YES;
				CLANG_ENABLE_OBJC_ARC = YES;
				CLANG_WARN_BOOL_CONVERSION = YES;
				CLANG_WARN_CONSTANT_CONVERSION = YES;
				CLANG_WARN_DIRECT_OBJC_ISA_USAGE = YES_ERROR;
				CLANG_WARN_DOCUMENTATION_COMMENTS = YES;
				CLANG_WARN_EMPTY_BODY = YES;
				CLANG_WARN_ENUM_CONVERSION = YES;
				CLANG_WARN_INFINITE_RECURSION = YES;
				CLANG_WARN_INT_CONVERSION = YES;
				CLANG_WARN_OBJC_ROOT_CLASS = YES_ERROR;
				CLANG_WARN_SUSPICIOUS_MOVE = YES;
				CLANG_WARN_UNREACHABLE_CODE = YES;
				CLANG_WARN__DUPLICATE_METHOD_MATCH = YES;
				"CODE_SIGN_IDENTITY[sdk=iphoneos*]" = "iPhone Developer";
				COPY_PHASE_STRIP = NO;
				DEBUG_INFORMATION_FORMAT = dwarf;
				ENABLE_STRICT_OBJC_MSGSEND = YES;
				ENABLE_TESTABILITY = YES;
				GCC_C_LANGUAGE_STANDARD = gnu99;
				GCC_DYNAMIC_NO_PIC = NO;
				GCC_NO_COMMON_BLOCKS = YES;
				GCC_OPTIMIZATION_LEVEL = 0;
				GCC_PREPROCESSOR_DEFINITIONS = (
					"DEBUG=1",
					"$(inherited)",
				);
				GCC_WARN_64_TO_32_BIT_CONVERSION = YES;
				GCC_WARN_ABOUT_RETURN_TYPE = YES_ERROR;
				GCC_WARN_UNDECLARED_SELECTOR = YES;
				GCC_WARN_UNINITIALIZED_AUTOS = YES_AGGRESSIVE;
				GCC_WARN_UNUSED_FUNCTION = YES;
				GCC_WARN_UNUSED_VARIABLE = YES;
				IPHONEOS_DEPLOYMENT_TARGET = 10.3;
				MTL_ENABLE_DEBUG_INFO = YES;
				ONLY_ACTIVE_ARCH = YES;
				SDKROOT = iphoneos;
				SWIFT_ACTIVE_COMPILATION_CONDITIONS = DEBUG;
				SWIFT_OPTIMIZATION_LEVEL = "-Onone";
				TARGETED_DEVICE_FAMILY = "1,2";
			};
			name = Debug;
		};
		723BC53B1F5F26010022ADF8 /* Release */ = {
			isa = XCBuildConfiguration;
			buildSettings = {
				ALWAYS_SEARCH_USER_PATHS = NO;
				CLANG_ANALYZER_NONNULL = YES;
				CLANG_ANALYZER_NUMBER_OBJECT_CONVERSION = YES_AGGRESSIVE;
				CLANG_CXX_LANGUAGE_STANDARD = "gnu++0x";
				CLANG_CXX_LIBRARY = "libc++";
				CLANG_ENABLE_MODULES = YES;
				CLANG_ENABLE_OBJC_ARC = YES;
				CLANG_WARN_BOOL_CONVERSION = YES;
				CLANG_WARN_CONSTANT_CONVERSION = YES;
				CLANG_WARN_DIRECT_OBJC_ISA_USAGE = YES_ERROR;
				CLANG_WARN_DOCUMENTATION_COMMENTS = YES;
				CLANG_WARN_EMPTY_BODY = YES;
				CLANG_WARN_ENUM_CONVERSION = YES;
				CLANG_WARN_INFINITE_RECURSION = YES;
				CLANG_WARN_INT_CONVERSION = YES;
				CLANG_WARN_OBJC_ROOT_CLASS = YES_ERROR;
				CLANG_WARN_SUSPICIOUS_MOVE = YES;
				CLANG_WARN_UNREACHABLE_CODE = YES;
				CLANG_WARN__DUPLICATE_METHOD_MATCH = YES;
				"CODE_SIGN_IDENTITY[sdk=iphoneos*]" = "iPhone Developer";
				COPY_PHASE_STRIP = NO;
				DEBUG_INFORMATION_FORMAT = "dwarf-with-dsym";
				ENABLE_NS_ASSERTIONS = NO;
				ENABLE_STRICT_OBJC_MSGSEND = YES;
				GCC_C_LANGUAGE_STANDARD = gnu99;
				GCC_NO_COMMON_BLOCKS = YES;
				GCC_WARN_64_TO_32_BIT_CONVERSION = YES;
				GCC_WARN_ABOUT_RETURN_TYPE = YES_ERROR;
				GCC_WARN_UNDECLARED_SELECTOR = YES;
				GCC_WARN_UNINITIALIZED_AUTOS = YES_AGGRESSIVE;
				GCC_WARN_UNUSED_FUNCTION = YES;
				GCC_WARN_UNUSED_VARIABLE = YES;
				IPHONEOS_DEPLOYMENT_TARGET = 10.3;
				MTL_ENABLE_DEBUG_INFO = NO;
				SDKROOT = iphoneos;
				SWIFT_OPTIMIZATION_LEVEL = "-Owholemodule";
				TARGETED_DEVICE_FAMILY = "1,2";
				VALIDATE_PRODUCT = YES;
			};
			name = Release;
		};
		723BC53D1F5F26010022ADF8 /* Debug */ = {
			isa = XCBuildConfiguration;
			baseConfigurationReference = DB14DF0CFB57582D8BB3B52A /* Pods-myMood.debug.xcconfig */;
			buildSettings = {
				ASSETCATALOG_COMPILER_APPICON_NAME = AppIcon;
				DEVELOPMENT_TEAM = "";
				INFOPLIST_FILE = myMood/Info.plist;
				LD_RUNPATH_SEARCH_PATHS = "$(inherited) @executable_path/Frameworks";
				PRODUCT_BUNDLE_IDENTIFIER = io.mymood;
				PRODUCT_NAME = "$(TARGET_NAME)";
				SWIFT_VERSION = 3.0;
			};
			name = Debug;
		};
		723BC53E1F5F26010022ADF8 /* Release */ = {
			isa = XCBuildConfiguration;
			baseConfigurationReference = F6A9B725F402016C068CEFD5 /* Pods-myMood.release.xcconfig */;
			buildSettings = {
				ASSETCATALOG_COMPILER_APPICON_NAME = AppIcon;
				DEVELOPMENT_TEAM = "";
				INFOPLIST_FILE = myMood/Info.plist;
				LD_RUNPATH_SEARCH_PATHS = "$(inherited) @executable_path/Frameworks";
				PRODUCT_BUNDLE_IDENTIFIER = io.mymood;
				PRODUCT_NAME = "$(TARGET_NAME)";
				SWIFT_VERSION = 3.0;
			};
			name = Release;
		};
		723BC5401F5F26010022ADF8 /* Debug */ = {
			isa = XCBuildConfiguration;
			baseConfigurationReference = FDF6C1DDD2A22E953B5ABFF5 /* Pods-myMoodTests.debug.xcconfig */;
			buildSettings = {
				ALWAYS_EMBED_SWIFT_STANDARD_LIBRARIES = YES;
				BUNDLE_LOADER = "$(TEST_HOST)";
				DEVELOPMENT_TEAM = 4RY874B8U2;
				INFOPLIST_FILE = myMoodTests/Info.plist;
				LD_RUNPATH_SEARCH_PATHS = "$(inherited) @executable_path/Frameworks @loader_path/Frameworks";
				PRODUCT_BUNDLE_IDENTIFIER = com.Hirad.myMoodTests;
				PRODUCT_NAME = "$(TARGET_NAME)";
				SWIFT_VERSION = 3.0;
				TEST_HOST = "$(BUILT_PRODUCTS_DIR)/myMood.app/myMood";
			};
			name = Debug;
		};
		723BC5411F5F26010022ADF8 /* Release */ = {
			isa = XCBuildConfiguration;
			baseConfigurationReference = 951F526F3CA0E922EAB37A4F /* Pods-myMoodTests.release.xcconfig */;
			buildSettings = {
				ALWAYS_EMBED_SWIFT_STANDARD_LIBRARIES = YES;
				BUNDLE_LOADER = "$(TEST_HOST)";
				DEVELOPMENT_TEAM = 4RY874B8U2;
				INFOPLIST_FILE = myMoodTests/Info.plist;
				LD_RUNPATH_SEARCH_PATHS = "$(inherited) @executable_path/Frameworks @loader_path/Frameworks";
				PRODUCT_BUNDLE_IDENTIFIER = com.Hirad.myMoodTests;
				PRODUCT_NAME = "$(TARGET_NAME)";
				SWIFT_VERSION = 3.0;
				TEST_HOST = "$(BUILT_PRODUCTS_DIR)/myMood.app/myMood";
			};
			name = Release;
		};
/* End XCBuildConfiguration section */

/* Begin XCConfigurationList section */
		723BC5171F5F26000022ADF8 /* Build configuration list for PBXProject "myMood" */ = {
			isa = XCConfigurationList;
			buildConfigurations = (
				723BC53A1F5F26010022ADF8 /* Debug */,
				723BC53B1F5F26010022ADF8 /* Release */,
			);
			defaultConfigurationIsVisible = 0;
			defaultConfigurationName = Release;
		};
		723BC53C1F5F26010022ADF8 /* Build configuration list for PBXNativeTarget "myMood" */ = {
			isa = XCConfigurationList;
			buildConfigurations = (
				723BC53D1F5F26010022ADF8 /* Debug */,
				723BC53E1F5F26010022ADF8 /* Release */,
			);
			defaultConfigurationIsVisible = 0;
			defaultConfigurationName = Release;
		};
		723BC53F1F5F26010022ADF8 /* Build configuration list for PBXNativeTarget "myMoodTests" */ = {
			isa = XCConfigurationList;
			buildConfigurations = (
				723BC5401F5F26010022ADF8 /* Debug */,
				723BC5411F5F26010022ADF8 /* Release */,
			);
			defaultConfigurationIsVisible = 0;
			defaultConfigurationName = Release;
		};
/* End XCConfigurationList section */

/* Begin XCVersionGroup section */
		723BC5261F5F26000022ADF8 /* myMood.xcdatamodeld */ = {
			isa = XCVersionGroup;
			children = (
				723BC5271F5F26000022ADF8 /* myMood.xcdatamodel */,
			);
			currentVersion = 723BC5271F5F26000022ADF8 /* myMood.xcdatamodel */;
			path = myMood.xcdatamodeld;
			sourceTree = "<group>";
			versionGroupType = wrapper.xcdatamodel;
		};
/* End XCVersionGroup section */
	};
	rootObject = 723BC5141F5F26000022ADF8 /* Project object */;
}
